
Microsoft Visual Studio Solution File, Format Version 12.00
# Visual Studio Version 16
VisualStudioVersion = 16.0.29728.190
MinimumVisualStudioVersion = 10.0.40219.1
Project("{FAE04EC0-301F-11D3-BF4B-00C04F79EFBC}") = "LifeExpectancyCalculator", "LifeExpectancyCalculator\LifeExpectancyCalculator.csproj", "{EFE784C9-4445-463F-B832-C1C16CC6984D}"
EndProject
Global
	GlobalSection(SolutionConfigurationPlatforms) = preSolution
		Debug|Any CPU = Debug|Any CPU
		Release|Any CPU = Release|Any CPU
	EndGlobalSection
	GlobalSection(ProjectConfigurationPlatforms) = postSolution
		{EFE784C9-4445-463F-B832-C1C16CC6984D}.Debug|Any CPU.ActiveCfg = Debug|Any CPU
		{EFE784C9-4445-463F-B832-C1C16CC6984D}.Debug|Any CPU.Build.0 = Debug|Any CPU
		{EFE784C9-4445-463F-B832-C1C16CC6984D}.Release|Any CPU.ActiveCfg = Release|Any CPU
		{EFE784C9-4445-463F-B832-C1C16CC6984D}.Release|Any CPU.Build.0 = Release|Any CPU
	EndGlobalSection
	GlobalSection(SolutionProperties) = preSolution
		HideSolutionNode = FALSE
	EndGlobalSection
	GlobalSection(ExtensibilityGlobals) = postSolution
		SolutionGuid = {C9705D5F-39A5-409E-A1A3-D3BF257C0E71}
	EndGlobalSection
EndGlobal
